
Microsoft Visual Studio Solution File, Format Version 12.00
# Visual Studio Version 16
VisualStudioVersion = 16.0.30611.23
MinimumVisualStudioVersion = 10.0.40219.1
Project("{FAE04EC0-301F-11D3-BF4B-00C04F79EFBC}") = "ARVision.Android", "ARVision\ARVision.Android\ARVision.Android.csproj", "{68763174-0F38-4E21-9B9B-1A920A50B539}"
EndProject
Project("{FAE04EC0-301F-11D3-BF4B-00C04F79EFBC}") = "ARVision.iOS", "ARVision\ARVision.iOS\ARVision.iOS.csproj", "{792DF185-4F78-4C76-8B42-43B555DDD371}"
EndProject
Project("{FAE04EC0-301F-11D3-BF4B-00C04F79EFBC}") = "ARVision", "ARVision\ARVision\ARVision.csproj", "{4A2E19CE-187C-479F-A83F-C4C360DE12C2}"
EndProject
Global
	GlobalSection(SolutionConfigurationPlatforms) = preSolution
		Debug|Any CPU = Debug|Any CPU
		Debug|iPhone = Debug|iPhone
		Debug|iPhoneSimulator = Debug|iPhoneSimulator
		Release|Any CPU = Release|Any CPU
		Release|iPhone = Release|iPhone
		Release|iPhoneSimulator = Release|iPhoneSimulator
	EndGlobalSection
	GlobalSection(ProjectConfigurationPlatforms) = postSolution
		{68763174-0F38-4E21-9B9B-1A920A50B539}.Debug|Any CPU.ActiveCfg = Debug|Any CPU
		{68763174-0F38-4E21-9B9B-1A920A50B539}.Debug|Any CPU.Build.0 = Debug|Any CPU
		{68763174-0F38-4E21-9B9B-1A920A50B539}.Debug|Any CPU.Deploy.0 = Debug|Any CPU
		{68763174-0F38-4E21-9B9B-1A920A50B539}.Debug|iPhone.ActiveCfg = Debug|Any CPU
		{68763174-0F38-4E21-9B9B-1A920A50B539}.Debug|iPhone.Build.0 = Debug|Any CPU
		{68763174-0F38-4E21-9B9B-1A920A50B539}.Debug|iPhone.Deploy.0 = Debug|Any CPU
		{68763174-0F38-4E21-9B9B-1A920A50B539}.Debug|iPhoneSimulator.ActiveCfg = Debug|Any CPU
		{68763174-0F38-4E21-9B9B-1A920A50B539}.Debug|iPhoneSimulator.Build.0 = Debug|Any CPU
		{68763174-0F38-4E21-9B9B-1A920A50B539}.Debug|iPhoneSimulator.Deploy.0 = Debug|Any CPU
		{68763174-0F38-4E21-9B9B-1A920A50B539}.Release|Any CPU.ActiveCfg = Release|Any CPU
		{68763174-0F38-4E21-9B9B-1A920A50B539}.Release|Any CPU.Build.0 = Release|Any CPU
		{68763174-0F38-4E21-9B9B-1A920A50B539}.Release|Any CPU.Deploy.0 = Release|Any CPU
		{68763174-0F38-4E21-9B9B-1A920A50B539}.Release|iPhone.ActiveCfg = Release|Any CPU
		{68763174-0F38-4E21-9B9B-1A920A50B539}.Release|iPhone.Build.0 = Release|Any CPU
		{68763174-0F38-4E21-9B9B-1A920A50B539}.Release|iPhone.Deploy.0 = Release|Any CPU
		{68763174-0F38-4E21-9B9B-1A920A50B539}.Release|iPhoneSimulator.ActiveCfg = Release|Any CPU
		{68763174-0F38-4E21-9B9B-1A920A50B539}.Release|iPhoneSimulator.Build.0 = Release|Any CPU
		{68763174-0F38-4E21-9B9B-1A920A50B539}.Release|iPhoneSimulator.Deploy.0 = Release|Any CPU
		{792DF185-4F78-4C76-8B42-43B555DDD371}.Debug|Any CPU.ActiveCfg = Debug|iPhone
		{792DF185-4F78-4C76-8B42-43B555DDD371}.Debug|Any CPU.Build.0 = Debug|iPhone
		{792DF185-4F78-4C76-8B42-43B555DDD371}.Debug|Any CPU.Deploy.0 = Debug|iPhone
		{792DF185-4F78-4C76-8B42-43B555DDD371}.Debug|iPhone.ActiveCfg = Debug|iPhone
		{792DF185-4F78-4C76-8B42-43B555DDD371}.Debug|iPhone.Build.0 = Debug|iPhone
		{792DF185-4F78-4C76-8B42-43B555DDD371}.Debug|iPhone.Deploy.0 = Debug|iPhone
		{792DF185-4F78-4C76-8B42-43B555DDD371}.Debug|iPhoneSimulator.ActiveCfg = Debug|iPhoneSimulator
		{792DF185-4F78-4C76-8B42-43B555DDD371}.Debug|iPhoneSimulator.Build.0 = Debug|iPhoneSimulator
		{792DF185-4F78-4C76-8B42-43B555DDD371}.Debug|iPhoneSimulator.Deploy.0 = Debug|iPhoneSimulator
		{792DF185-4F78-4C76-8B42-43B555DDD371}.Release|Any CPU.ActiveCfg = Release|iPhoneSimulator
		{792DF185-4F78-4C76-8B42-43B555DDD371}.Release|Any CPU.Build.0 = Release|iPhoneSimulator
		{792DF185-4F78-4C76-8B42-43B555DDD371}.Release|Any CPU.Deploy.0 = Release|iPhoneSimulator
		{792DF185-4F78-4C76-8B42-43B555DDD371}.Release|iPhone.ActiveCfg = Release|iPhone
		{792DF185-4F78-4C76-8B42-43B555DDD371}.Release|iPhone.Build.0 = Release|iPhone
		{792DF185-4F78-4C76-8B42-43B555DDD371}.Release|iPhone.Deploy.0 = Release|iPhone
		{792DF185-4F78-4C76-8B42-43B555DDD371}.Release|iPhoneSimulator.ActiveCfg = Release|iPhoneSimulator
		{792DF185-4F78-4C76-8B42-43B555DDD371}.Release|iPhoneSimulator.Build.0 = Release|iPhoneSimulator
		{792DF185-4F78-4C76-8B42-43B555DDD371}.Release|iPhoneSimulator.Deploy.0 = Release|iPhoneSimulator
		{4A2E19CE-187C-479F-A83F-C4C360DE12C2}.Debug|Any CPU.ActiveCfg = Debug|Any CPU
		{4A2E19CE-187C-479F-A83F-C4C360DE12C2}.Debug|Any CPU.Build.0 = Debug|Any CPU
		{4A2E19CE-187C-479F-A83F-C4C360DE12C2}.Debug|Any CPU.Deploy.0 = Debug|Any CPU
		{4A2E19CE-187C-479F-A83F-C4C360DE12C2}.Debug|iPhone.ActiveCfg = Debug|Any CPU
		{4A2E19CE-187C-479F-A83F-C4C360DE12C2}.Debug|iPhone.Build.0 = Debug|Any CPU
		{4A2E19CE-187C-479F-A83F-C4C360DE12C2}.Debug|iPhone.Deploy.0 = Debug|Any CPU
		{4A2E19CE-187C-479F-A83F-C4C360DE12C2}.Debug|iPhoneSimulator.ActiveCfg = Debug|Any CPU
		{4A2E19CE-187C-479F-A83F-C4C360DE12C2}.Debug|iPhoneSimulator.Build.0 = Debug|Any CPU
		{4A2E19CE-187C-479F-A83F-C4C360DE12C2}.Debug|iPhoneSimulator.Deploy.0 = Debug|Any CPU
		{4A2E19CE-187C-479F-A83F-C4C360DE12C2}.Release|Any CPU.ActiveCfg = Release|Any CPU
		{4A2E19CE-187C-479F-A83F-C4C360DE12C2}.Release|Any CPU.Build.0 = Release|Any CPU
		{4A2E19CE-187C-479F-A83F-C4C360DE12C2}.Release|Any CPU.Deploy.0 = Release|Any CPU
		{4A2E19CE-187C-479F-A83F-C4C360DE12C2}.Release|iPhone.ActiveCfg = Release|Any CPU
		{4A2E19CE-187C-479F-A83F-C4C360DE12C2}.Release|iPhone.Build.0 = Release|Any CPU
		{4A2E19CE-187C-479F-A83F-C4C360DE12C2}.Release|iPhone.Deploy.0 = Release|Any CPU
		{4A2E19CE-187C-479F-A83F-C4C360DE12C2}.Release|iPhoneSimulator.ActiveCfg = Release|Any CPU
		{4A2E19CE-187C-479F-A83F-C4C360DE12C2}.Release|iPhoneSimulator.Build.0 = Release|Any CPU
		{4A2E19CE-187C-479F-A83F-C4C360DE12C2}.Release|iPhoneSimulator.Deploy.0 = Release|Any CPU
	EndGlobalSection
	GlobalSection(SolutionProperties) = preSolution
		HideSolutionNode = FALSE
	EndGlobalSection
	GlobalSection(ExtensibilityGlobals) = postSolution
		SolutionGuid = {8A091A76-21CD-4DA3-8BC8-FB9A0334464A}
	EndGlobalSection
EndGlobal
